{
  "name": "microstore-example",
  "version": "1.0.0",
  "lockfileVersion": 3,
  "requires": true,
  "packages": {
    "": {
      "name": "microstore-example",
      "version": "1.0.0",
      "license": "ISC",
      "dependencies": {
        "@brainstack/microstore": "^1.0.7"
      }
    },
    "node_modules/@brainstack/microstore": {
      "version": "1.0.7",
      "resolved": "https://registry.npmjs.org/@brainstack/microstore/-/microstore-1.0.7.tgz",
      "integrity": "sha512-+cmojOpSw8kjJj9ghSfHsxgIwhdGKzccKyRTGO1katOYxhL7P5bVToV060EwJ61mQ2GnC4E2M6wNHcJvIpWlcA=="
    }
  }
}
