{
  "name": "microstore-example",
  "version": "1.0.0",
  "lockfileVersion": 3,
  "requires": true,
  "packages": {
    "": {
      "name": "microstore-example",
      "version": "1.0.0",
      "license": "ISC",
      "dependencies": {
        "@brainstack/microstore": "^1.1.12"
      }
    },
    "node_modules/@brainstack/microstore": {
      "version": "1.1.12",
      "resolved": "https://registry.npmjs.org/@brainstack/microstore/-/microstore-1.1.12.tgz",
      "integrity": "sha512-NM2x2CFfK8DyXOEdxl+iGx2NzxCeh8ooyaCca1OmIEIvv58sauMxNcKHeRXk93o27ehSbCJgEocOlYn7wd/xWQ=="
    }
  }
}
