{
  "name": "microstore-example",
  "version": "1.0.0",
  "lockfileVersion": 3,
  "requires": true,
  "packages": {
    "": {
      "name": "microstore-example",
      "version": "1.0.0",
      "license": "ISC",
      "dependencies": {
        "{{_BRAINSTACK_MICROSTORE}}": "^1.1.5"
      }
    },
    "node_modules/{{_BRAINSTACK_MICROSTORE}}": {
      "version": "1.1.5",
      "resolved": "https://registry.npmjs.org/{{_BRAINSTACK_MICROSTORE}}/-/microstore-1.1.5.tgz",
      "integrity": "sha512-Mh3qGEnT1pE8zAuAHgR0HBDycHu9s/f7kQxF/XmM4kPKscf6EBDPfB0VdfGpJ90eKSne/qwEFVaQupeD/9I/Wg=="
    }
  }
}
