{
  "name": "@brainstack",
  "lockfileVersion": 3,
  "requires": true,
  "packages": {
    "": {
      "dependencies": {
        "@braintools/template": "^1.0.1"
      }
    },
    "node_modules/@braintools/template": {
      "version": "1.0.1",
      "resolved": "https://registry.npmjs.org/@braintools/template/-/template-1.0.1.tgz",
      "integrity": "sha512-JXwgNNAGjsknsQh5zMsGpDpx9CkaiqejgdkXkGf1DXv/kvl4MLNNHS/YL3d/3MfXybApHKl/mqopIzvBv0L02Q==",
      "dependencies": {
        "readline": "^1.3.0"
      },
      "bin": {
        "generate_template": "node bin/generate_template.js",
        "instantiate_template": "node bin/instantiate_template.js"
      }
    },
    "node_modules/readline": {
      "version": "1.3.0",
      "resolved": "https://registry.npmjs.org/readline/-/readline-1.3.0.tgz",
      "integrity": "sha512-k2d6ACCkiNYz222Fs/iNze30rRJ1iIicW7JuX/7/cozvih6YCkFZH+J6mAFDVgv0dRBaAyr4jDqC95R2y4IADg=="
    }
  }
}
